
Microsoft Visual Studio Solution File, Format Version 12.00
# Visual Studio Version 17
VisualStudioVersion = 17.0.32112.339
MinimumVisualStudioVersion = 10.0.40219.1
Project("{FAE04EC0-301F-11D3-BF4B-00C04F79EFBC}") = "EmergencyBot", "EmergencyBot\EmergencyBot.csproj", "{04796CF2-F218-45D8-AAC7-6ACC5505BE85}"
EndProject
Global
	GlobalSection(SolutionConfigurationPlatforms) = preSolution
		Debug|Any CPU = Debug|Any CPU
		Release|Any CPU = Release|Any CPU
	EndGlobalSection
	GlobalSection(ProjectConfigurationPlatforms) = postSolution
		{04796CF2-F218-45D8-AAC7-6ACC5505BE85}.Debug|Any CPU.ActiveCfg = Debug|Any CPU
		{04796CF2-F218-45D8-AAC7-6ACC5505BE85}.Debug|Any CPU.Build.0 = Debug|Any CPU
		{04796CF2-F218-45D8-AAC7-6ACC5505BE85}.Release|Any CPU.ActiveCfg = Release|Any CPU
		{04796CF2-F218-45D8-AAC7-6ACC5505BE85}.Release|Any CPU.Build.0 = Release|Any CPU
	EndGlobalSection
	GlobalSection(SolutionProperties) = preSolution
		HideSolutionNode = FALSE
	EndGlobalSection
	GlobalSection(ExtensibilityGlobals) = postSolution
		SolutionGuid = {48621A5C-57CE-4BE2-93D5-8B72B1855DB9}
	EndGlobalSection
EndGlobal
